// !$*UTF8*$!
{
	archiveVersion = 1;
	classes = {
	};
	objectVersion = 46;
	objects = {

/* Begin PBXBuildFile section */
		EB8612941F1CA166009FC83F /* main.m in Sources */ = {isa = PBXBuildFile; fileRef = EB8612931F1CA166009FC83F /* main.m */; };
		EB8612971F1CA166009FC83F /* AppDelegate.m in Sources */ = {isa = PBXBuildFile; fileRef = EB8612961F1CA166009FC83F /* AppDelegate.m */; };
		EB86129A1F1CA166009FC83F /* ViewController.m in Sources */ = {isa = PBXBuildFile; fileRef = EB8612991F1CA166009FC83F /* ViewController.m */; };
		EB86129D1F1CA166009FC83F /* Main.storyboard in Resources */ = {isa = PBXBuildFile; fileRef = EB86129B1F1CA166009FC83F /* Main.storyboard */; };
		EB86129F1F1CA166009FC83F /* Assets.xcassets in Resources */ = {isa = PBXBuildFile; fileRef = EB86129E1F1CA166009FC83F /* Assets.xcassets */; };
		EB8612A21F1CA166009FC83F /* LaunchScreen.storyboard in Resources */ = {isa = PBXBuildFile; fileRef = EB8612A01F1CA166009FC83F /* LaunchScreen.storyboard */; };
		EB8612AD1F1CA166009FC83F /* CrawlerTests.m in Sources */ = {isa = PBXBuildFile; fileRef = EB8612AC1F1CA166009FC83F /* CrawlerTests.m */; };
		EB8612B81F1CA166009FC83F /* CrawlerUITests.m in Sources */ = {isa = PBXBuildFile; fileRef = EB8612B71F1CA166009FC83F /* CrawlerUITests.m */; };
/* End PBXBuildFile section */

/* Begin PBXContainerItemProxy section */
		EB8612A91F1CA166009FC83F /* PBXContainerItemProxy */ = {
			isa = PBXContainerItemProxy;
			containerPortal = EB8612871F1CA166009FC83F /* Project object */;
			proxyType = 1;
			remoteGlobalIDString = EB86128E1F1CA166009FC83F;
			remoteInfo = Crawler;
		};
		EB8612B41F1CA166009FC83F /* PBXContainerItemProxy */ = {
			isa = PBXContainerItemProxy;
			containerPortal = EB8612871F1CA166009FC83F /* Project object */;
			proxyType = 1;
			remoteGlobalIDString = EB86128E1F1CA166009FC83F;
			remoteInfo = Crawler;
		};
/* End PBXContainerItemProxy section */

/* Begin PBXFileReference section */
		EB86128F1F1CA166009FC83F /* Crawler.app */ = {isa = PBXFileReference; explicitFileType = wrapper.application; includeInIndex = 0; path = Crawler.app; sourceTree = BUILT_PRODUCTS_DIR; };
		EB8612931F1CA166009FC83F /* main.m */ = {isa = PBXFileReference; lastKnownFileType = sourcecode.c.objc; path = main.m; sourceTree = "<group>"; };
		EB8612951F1CA166009FC83F /* AppDelegate.h */ = {isa = PBXFileReference; lastKnownFileType = sourcecode.c.h; path = AppDelegate.h; sourceTree = "<group>"; };
		EB8612961F1CA166009FC83F /* AppDelegate.m */ = {isa = PBXFileReference; lastKnownFileType = sourcecode.c.objc; path = AppDelegate.m; sourceTree = "<group>"; };
		EB8612981F1CA166009FC83F /* ViewController.h */ = {isa = PBXFileReference; lastKnownFileType = sourcecode.c.h; path = ViewController.h; sourceTree = "<group>"; };
		EB8612991F1CA166009FC83F /* ViewController.m */ = {isa = PBXFileReference; lastKnownFileType = sourcecode.c.objc; path = ViewController.m; sourceTree = "<group>"; };
		EB86129C1F1CA166009FC83F /* Base */ = {isa = PBXFileReference; lastKnownFileType = file.storyboard; name = Base; path = Base.lproj/Main.storyboard; sourceTree = "<group>"; };
		EB86129E1F1CA166009FC83F /* Assets.xcassets */ = {isa = PBXFileReference; lastKnownFileType = folder.assetcatalog; path = Assets.xcassets; sourceTree = "<group>"; };
		EB8612A11F1CA166009FC83F /* Base */ = {isa = PBXFileReference; lastKnownFileType = file.storyboard; name = Base; path = Base.lproj/LaunchScreen.storyboard; sourceTree = "<group>"; };
		EB8612A31F1CA166009FC83F /* Info.plist */ = {isa = PBXFileReference; lastKnownFileType = text.plist.xml; path = Info.plist; sourceTree = "<group>"; };
		EB8612A81F1CA166009FC83F /* CrawlerTests.xctest */ = {isa = PBXFileReference; explicitFileType = wrapper.cfbundle; includeInIndex = 0; path = CrawlerTests.xctest; sourceTree = BUILT_PRODUCTS_DIR; };
		EB8612AC1F1CA166009FC83F /* CrawlerTests.m */ = {isa = PBXFileReference; lastKnownFileType = sourcecode.c.objc; path = CrawlerTests.m; sourceTree = "<group>"; };
		EB8612AE1F1CA166009FC83F /* Info.plist */ = {isa = PBXFileReference; lastKnownFileType = text.plist.xml; path = Info.plist; sourceTree = "<group>"; };
		EB8612B31F1CA166009FC83F /* CrawlerUITests.xctest */ = {isa = PBXFileReference; explicitFileType = wrapper.cfbundle; includeInIndex = 0; path = CrawlerUITests.xctest; sourceTree = BUILT_PRODUCTS_DIR; };
		EB8612B71F1CA166009FC83F /* CrawlerUITests.m */ = {isa = PBXFileReference; lastKnownFileType = sourcecode.c.objc; path = CrawlerUITests.m; sourceTree = "<group>"; };
		EB8612B91F1CA166009FC83F /* Info.plist */ = {isa = PBXFileReference; lastKnownFileType = text.plist.xml; path = Info.plist; sourceTree = "<group>"; };
/* End PBXFileReference section */

/* Begin PBXFrameworksBuildPhase section */
		EB86128C1F1CA166009FC83F /* Frameworks */ = {
			isa = PBXFrameworksBuildPhase;
			buildActionMask = 2147483647;
			files = (
			);
			runOnlyForDeploymentPostprocessing = 0;
		};
		EB8612A51F1CA166009FC83F /* Frameworks */ = {
			isa = PBXFrameworksBuildPhase;
			buildActionMask = 2147483647;
			files = (
			);
			runOnlyForDeploymentPostprocessing = 0;
		};
		EB8612B01F1CA166009FC83F /* Frameworks */ = {
			isa = PBXFrameworksBuildPhase;
			buildActionMask = 2147483647;
			files = (
			);
			runOnlyForDeploymentPostprocessing = 0;
		};
/* End PBXFrameworksBuildPhase section */

/* Begin PBXGroup section */
		EB8612861F1CA166009FC83F = {
			isa = PBXGroup;
			children = (
				EB8612911F1CA166009FC83F /* Crawler */,
				EB8612AB1F1CA166009FC83F /* CrawlerTests */,
				EB8612B61F1CA166009FC83F /* CrawlerUITests */,
				EB8612901F1CA166009FC83F /* Products */,
			);
			sourceTree = "<group>";
		};
		EB8612901F1CA166009FC83F /* Products */ = {
			isa = PBXGroup;
			children = (
				EB86128F1F1CA166009FC83F /* Crawler.app */,
				EB8612A81F1CA166009FC83F /* CrawlerTests.xctest */,
				EB8612B31F1CA166009FC83F /* CrawlerUITests.xctest */,
			);
			name = Products;
			sourceTree = "<group>";
		};
		EB8612911F1CA166009FC83F /* Crawler */ = {
			isa = PBXGroup;
			children = (
				EB8612951F1CA166009FC83F /* AppDelegate.h */,
				EB8612961F1CA166009FC83F /* AppDelegate.m */,
				EB8612981F1CA166009FC83F /* ViewController.h */,
				EB8612991F1CA166009FC83F /* ViewController.m */,
				EB86129B1F1CA166009FC83F /* Main.storyboard */,
				EB86129E1F1CA166009FC83F /* Assets.xcassets */,
				EB8612A01F1CA166009FC83F /* LaunchScreen.storyboard */,
				EB8612A31F1CA166009FC83F /* Info.plist */,
				EB8612921F1CA166009FC83F /* Supporting Files */,
			);
			path = Crawler;
			sourceTree = "<group>";
		};
		EB8612921F1CA166009FC83F /* Supporting Files */ = {
			isa = PBXGroup;
			children = (
				EB8612931F1CA166009FC83F /* main.m */,
			);
			name = "Supporting Files";
			sourceTree = "<group>";
		};
		EB8612AB1F1CA166009FC83F /* CrawlerTests */ = {
			isa = PBXGroup;
			children = (
				EB8612AC1F1CA166009FC83F /* CrawlerTests.m */,
				EB8612AE1F1CA166009FC83F /* Info.plist */,
			);
			path = CrawlerTests;
			sourceTree = "<group>";
		};
		EB8612B61F1CA166009FC83F /* CrawlerUITests */ = {
			isa = PBXGroup;
			children = (
				EB8612B71F1CA166009FC83F /* CrawlerUITests.m */,
				EB8612B91F1CA166009FC83F /* Info.plist */,
			);
			path = CrawlerUITests;
			sourceTree = "<group>";
		};
/* End PBXGroup section */

/* Begin PBXNativeTarget section */
		EB86128E1F1CA166009FC83F /* Crawler */ = {
			isa = PBXNativeTarget;
			buildConfigurationList = EB8612BC1F1CA166009FC83F /* Build configuration list for PBXNativeTarget "Crawler" */;
			buildPhases = (
				EB86128B1F1CA166009FC83F /* Sources */,
				EB86128C1F1CA166009FC83F /* Frameworks */,
				EB86128D1F1CA166009FC83F /* Resources */,
			);
			buildRules = (
			);
			dependencies = (
			);
			name = Crawler;
			productName = Crawler;
			productReference = EB86128F1F1CA166009FC83F /* Crawler.app */;
			productType = "com.apple.product-type.application";
		};
		EB8612A71F1CA166009FC83F /* CrawlerTests */ = {
			isa = PBXNativeTarget;
			buildConfigurationList = EB8612BF1F1CA166009FC83F /* Build configuration list for PBXNativeTarget "CrawlerTests" */;
			buildPhases = (
				EB8612A41F1CA166009FC83F /* Sources */,
				EB8612A51F1CA166009FC83F /* Frameworks */,
				EB8612A61F1CA166009FC83F /* Resources */,
			);
			buildRules = (
			);
			dependencies = (
				EB8612AA1F1CA166009FC83F /* PBXTargetDependency */,
			);
			name = CrawlerTests;
			productName = CrawlerTests;
			productReference = EB8612A81F1CA166009FC83F /* CrawlerTests.xctest */;
			productType = "com.apple.product-type.bundle.unit-test";
		};
		EB8612B21F1CA166009FC83F /* CrawlerUITests */ = {
			isa = PBXNativeTarget;
			buildConfigurationList = EB8612C21F1CA166009FC83F /* Build configuration list for PBXNativeTarget "CrawlerUITests" */;
			buildPhases = (
				EB8612AF1F1CA166009FC83F /* Sources */,
				EB8612B01F1CA166009FC83F /* Frameworks */,
				EB8612B11F1CA166009FC83F /* Resources */,
			);
			buildRules = (
			);
			dependencies = (
				EB8612B51F1CA166009FC83F /* PBXTargetDependency */,
			);
			name = CrawlerUITests;
			productName = CrawlerUITests;
			productReference = EB8612B31F1CA166009FC83F /* CrawlerUITests.xctest */;
			productType = "com.apple.product-type.bundle.ui-testing";
		};
/* End PBXNativeTarget section */

/* Begin PBXProject section */
		EB8612871F1CA166009FC83F /* Project object */ = {
			isa = PBXProject;
			attributes = {
				LastUpgradeCheck = 0830;
				ORGANIZATIONNAME = lh;
				TargetAttributes = {
					EB86128E1F1CA166009FC83F = {
						CreatedOnToolsVersion = 8.3.3;
						ProvisioningStyle = Automatic;
					};
					EB8612A71F1CA166009FC83F = {
						CreatedOnToolsVersion = 8.3.3;
						ProvisioningStyle = Automatic;
						TestTargetID = EB86128E1F1CA166009FC83F;
					};
					EB8612B21F1CA166009FC83F = {
						CreatedOnToolsVersion = 8.3.3;
						ProvisioningStyle = Automatic;
						TestTargetID = EB86128E1F1CA166009FC83F;
					};
				};
			};
			buildConfigurationList = EB86128A1F1CA166009FC83F /* Build configuration list for PBXProject "Crawler" */;
			compatibilityVersion = "Xcode 3.2";
			developmentRegion = English;
			hasScannedForEncodings = 0;
			knownRegions = (
				en,
				Base,
			);
			mainGroup = EB8612861F1CA166009FC83F;
			productRefGroup = EB8612901F1CA166009FC83F /* Products */;
			projectDirPath = "";
			projectRoot = "";
			targets = (
				EB86128E1F1CA166009FC83F /* Crawler */,
				EB8612A71F1CA166009FC83F /* CrawlerTests */,
				EB8612B21F1CA166009FC83F /* CrawlerUITests */,
			);
		};
/* End PBXProject section */

/* Begin PBXResourcesBuildPhase section */
		EB86128D1F1CA166009FC83F /* Resources */ = {
			isa = PBXResourcesBuildPhase;
			buildActionMask = 2147483647;
			files = (
				EB8612A21F1CA166009FC83F /* LaunchScreen.storyboard in Resources */,
				EB86129F1F1CA166009FC83F /* Assets.xcassets in Resources */,
				EB86129D1F1CA166009FC83F /* Main.storyboard in Resources */,
			);
			runOnlyForDeploymentPostprocessing = 0;
		};
		EB8612A61F1CA166009FC83F /* Resources */ = {
			isa = PBXResourcesBuildPhase;
			buildActionMask = 2147483647;
			files = (
			);
			runOnlyForDeploymentPostprocessing = 0;
		};
		EB8612B11F1CA166009FC83F /* Resources */ = {
			isa = PBXResourcesBuildPhase;
			buildActionMask = 2147483647;
			files = (
			);
			runOnlyForDeploymentPostprocessing = 0;
		};
/* End PBXResourcesBuildPhase section */

/* Begin PBXSourcesBuildPhase section */
		EB86128B1F1CA166009FC83F /* Sources */ = {
			isa = PBXSourcesBuildPhase;
			buildActionMask = 2147483647;
			files = (
				EB86129A1F1CA166009FC83F /* ViewController.m in Sources */,
				EB8612971F1CA166009FC83F /* AppDelegate.m in Sources */,
				EB8612941F1CA166009FC83F /* main.m in Sources */,
			);
			runOnlyForDeploymentPostprocessing = 0;
		};
		EB8612A41F1CA166009FC83F /* Sources */ = {
			isa = PBXSourcesBuildPhase;
			buildActionMask = 2147483647;
			files = (
				EB8612AD1F1CA166009FC83F /* CrawlerTests.m in Sources */,
			);
			runOnlyForDeploymentPostprocessing = 0;
		};
		EB8612AF1F1CA166009FC83F /* Sources */ = {
			isa = PBXSourcesBuildPhase;
			buildActionMask = 2147483647;
			files = (
				EB8612B81F1CA166009FC83F /* CrawlerUITests.m in Sources */,
			);
			runOnlyForDeploymentPostprocessing = 0;
		};
/* End PBXSourcesBuildPhase section */

/* Begin PBXTargetDependency section */
		EB8612AA1F1CA166009FC83F /* PBXTargetDependency */ = {
			isa = PBXTargetDependency;
			target = EB86128E1F1CA166009FC83F /* Crawler */;
			targetProxy = EB8612A91F1CA166009FC83F /* PBXContainerItemProxy */;
		};
		EB8612B51F1CA166009FC83F /* PBXTargetDependency */ = {
			isa = PBXTargetDependency;
			target = EB86128E1F1CA166009FC83F /* Crawler */;
			targetProxy = EB8612B41F1CA166009FC83F /* PBXContainerItemProxy */;
		};
/* End PBXTargetDependency section */

/* Begin PBXVariantGroup section */
		EB86129B1F1CA166009FC83F /* Main.storyboard */ = {
			isa = PBXVariantGroup;
			children = (
				EB86129C1F1CA166009FC83F /* Base */,
			);
			name = Main.storyboard;
			sourceTree = "<group>";
		};
		EB8612A01F1CA166009FC83F /* LaunchScreen.storyboard */ = {
			isa = PBXVariantGroup;
			children = (
				EB8612A11F1CA166009FC83F /* Base */,
			);
			name = LaunchScreen.storyboard;
			sourceTree = "<group>";
		};
/* End PBXVariantGroup section */

/* Begin XCBuildConfiguration section */
		EB8612BA1F1CA166009FC83F /* Debug */ = {
			isa = XCBuildConfiguration;
			buildSettings = {
				ALWAYS_SEARCH_USER_PATHS = NO;
				CLANG_ANALYZER_NONNULL = YES;
				CLANG_ANALYZER_NUMBER_OBJECT_CONVERSION = YES_AGGRESSIVE;
				CLANG_CXX_LANGUAGE_STANDARD = "gnu++0x";
				CLANG_CXX_LIBRARY = "libc++";
				CLANG_ENABLE_MODULES = YES;
				CLANG_ENABLE_OBJC_ARC = YES;
				CLANG_WARN_BOOL_CONVERSION = YES;
				CLANG_WARN_CONSTANT_CONVERSION = YES;
				CLANG_WARN_DIRECT_OBJC_ISA_USAGE = YES_ERROR;
				CLANG_WARN_DOCUMENTATION_COMMENTS = YES;
				CLANG_WARN_EMPTY_BODY = YES;
				CLANG_WARN_ENUM_CONVERSION = YES;
				CLANG_WARN_INFINITE_RECURSION = YES;
				CLANG_WARN_INT_CONVERSION = YES;
				CLANG_WARN_OBJC_ROOT_CLASS = YES_ERROR;
				CLANG_WARN_SUSPICIOUS_MOVE = YES;
				CLANG_WARN_UNREACHABLE_CODE = YES;
				CLANG_WARN__DUPLICATE_METHOD_MATCH = YES;
				"CODE_SIGN_IDENTITY[sdk=iphoneos*]" = "iPhone Developer";
				COPY_PHASE_STRIP = NO;
				DEBUG_INFORMATION_FORMAT = dwarf;
				ENABLE_STRICT_OBJC_MSGSEND = YES;
				ENABLE_TESTABILITY = YES;
				GCC_C_LANGUAGE_STANDARD = gnu99;
				GCC_DYNAMIC_NO_PIC = NO;
				GCC_NO_COMMON_BLOCKS = YES;
				GCC_OPTIMIZATION_LEVEL = 0;
				GCC_PREPROCESSOR_DEFINITIONS = (
					"DEBUG=1",
					"$(inherited)",
				);
				GCC_WARN_64_TO_32_BIT_CONVERSION = YES;
				GCC_WARN_ABOUT_RETURN_TYPE = YES_ERROR;
				GCC_WARN_UNDECLARED_SELECTOR = YES;
				GCC_WARN_UNINITIALIZED_AUTOS = YES_AGGRESSIVE;
				GCC_WARN_UNUSED_FUNCTION = YES;
				GCC_WARN_UNUSED_VARIABLE = YES;
				IPHONEOS_DEPLOYMENT_TARGET = 10.3;
				MTL_ENABLE_DEBUG_INFO = YES;
				ONLY_ACTIVE_ARCH = YES;
				SDKROOT = iphoneos;
				TARGETED_DEVICE_FAMILY = "1,2";
			};
			name = Debug;
		};
		EB8612BB1F1CA166009FC83F /* Release */ = {
			isa = XCBuildConfiguration;
			buildSettings = {
				ALWAYS_SEARCH_USER_PATHS = NO;
				CLANG_ANALYZER_NONNULL = YES;
				CLANG_ANALYZER_NUMBER_OBJECT_CONVERSION = YES_AGGRESSIVE;
				CLANG_CXX_LANGUAGE_STANDARD = "gnu++0x";
				CLANG_CXX_LIBRARY = "libc++";
				CLANG_ENABLE_MODULES = YES;
				CLANG_ENABLE_OBJC_ARC = YES;
				CLANG_WARN_BOOL_CONVERSION = YES;
				CLANG_WARN_CONSTANT_CONVERSION = YES;
				CLANG_WARN_DIRECT_OBJC_ISA_USAGE = YES_ERROR;
				CLANG_WARN_DOCUMENTATION_COMMENTS = YES;
				CLANG_WARN_EMPTY_BODY = YES;
				CLANG_WARN_ENUM_CONVERSION = YES;
				CLANG_WARN_INFINITE_RECURSION = YES;
				CLANG_WARN_INT_CONVERSION = YES;
				CLANG_WARN_OBJC_ROOT_CLASS = YES_ERROR;
				CLANG_WARN_SUSPICIOUS_MOVE = YES;
				CLANG_WARN_UNREACHABLE_CODE = YES;
				CLANG_WARN__DUPLICATE_METHOD_MATCH = YES;
				"CODE_SIGN_IDENTITY[sdk=iphoneos*]" = "iPhone Developer";
				COPY_PHASE_STRIP = NO;
				DEBUG_INFORMATION_FORMAT = "dwarf-with-dsym";
				ENABLE_NS_ASSERTIONS = NO;
				ENABLE_STRICT_OBJC_MSGSEND = YES;
				GCC_C_LANGUAGE_STANDARD = gnu99;
				GCC_NO_COMMON_BLOCKS = YES;
				GCC_WARN_64_TO_32_BIT_CONVERSION = YES;
				GCC_WARN_ABOUT_RETURN_TYPE = YES_ERROR;
				GCC_WARN_UNDECLARED_SELECTOR = YES;
				GCC_WARN_UNINITIALIZED_AUTOS = YES_AGGRESSIVE;
				GCC_WARN_UNUSED_FUNCTION = YES;
				GCC_WARN_UNUSED_VARIABLE = YES;
				IPHONEOS_DEPLOYMENT_TARGET = 10.3;
				MTL_ENABLE_DEBUG_INFO = NO;
				SDKROOT = iphoneos;
				TARGETED_DEVICE_FAMILY = "1,2";
				VALIDATE_PRODUCT = YES;
			};
			name = Release;
		};
		EB8612BD1F1CA166009FC83F /* Debug */ = {
			isa = XCBuildConfiguration;
			buildSettings = {
				ASSETCATALOG_COMPILER_APPICON_NAME = AppIcon;
				INFOPLIST_FILE = Crawler/Info.plist;
				LD_RUNPATH_SEARCH_PATHS = "$(inherited) @executable_path/Frameworks";
				PRODUCT_BUNDLE_IDENTIFIER = feeyo.Crawler;
				PRODUCT_NAME = "$(TARGET_NAME)";
			};
			name = Debug;
		};
		EB8612BE1F1CA166009FC83F /* Release */ = {
			isa = XCBuildConfiguration;
			buildSettings = {
				ASSETCATALOG_COMPILER_APPICON_NAME = AppIcon;
				INFOPLIST_FILE = Crawler/Info.plist;
				LD_RUNPATH_SEARCH_PATHS = "$(inherited) @executable_path/Frameworks";
				PRODUCT_BUNDLE_IDENTIFIER = feeyo.Crawler;
				PRODUCT_NAME = "$(TARGET_NAME)";
			};
			name = Release;
		};
		EB8612C01F1CA166009FC83F /* Debug */ = {
			isa = XCBuildConfiguration;
			buildSettings = {
				BUNDLE_LOADER = "$(TEST_HOST)";
				INFOPLIST_FILE = CrawlerTests/Info.plist;
				LD_RUNPATH_SEARCH_PATHS = "$(inherited) @executable_path/Frameworks @loader_path/Frameworks";
				PRODUCT_BUNDLE_IDENTIFIER = feeyo.CrawlerTests;
				PRODUCT_NAME = "$(TARGET_NAME)";
				TEST_HOST = "$(BUILT_PRODUCTS_DIR)/Crawler.app/Crawler";
			};
			name = Debug;
		};
		EB8612C11F1CA166009FC83F /* Release */ = {
			isa = XCBuildConfiguration;
			buildSettings = {
				BUNDLE_LOADER = "$(TEST_HOST)";
				INFOPLIST_FILE = CrawlerTests/Info.plist;
				LD_RUNPATH_SEARCH_PATHS = "$(inherited) @executable_path/Frameworks @loader_path/Frameworks";
				PRODUCT_BUNDLE_IDENTIFIER = feeyo.CrawlerTests;
				PRODUCT_NAME = "$(TARGET_NAME)";
				TEST_HOST = "$(BUILT_PRODUCTS_DIR)/Crawler.app/Crawler";
			};
			name = Release;
		};
		EB8612C31F1CA166009FC83F /* Debug */ = {
			isa = XCBuildConfiguration;
			buildSettings = {
				INFOPLIST_FILE = CrawlerUITests/Info.plist;
				LD_RUNPATH_SEARCH_PATHS = "$(inherited) @executable_path/Frameworks @loader_path/Frameworks";
				PRODUCT_BUNDLE_IDENTIFIER = feeyo.CrawlerUITests;
				PRODUCT_NAME = "$(TARGET_NAME)";
				TEST_TARGET_NAME = Crawler;
			};
			name = Debug;
		};
		EB8612C41F1CA166009FC83F /* Release */ = {
			isa = XCBuildConfiguration;
			buildSettings = {
				INFOPLIST_FILE = CrawlerUITests/Info.plist;
				LD_RUNPATH_SEARCH_PATHS = "$(inherited) @executable_path/Frameworks @loader_path/Frameworks";
				PRODUCT_BUNDLE_IDENTIFIER = feeyo.CrawlerUITests;
				PRODUCT_NAME = "$(TARGET_NAME)";
				TEST_TARGET_NAME = Crawler;
			};
			name = Release;
		};
/* End XCBuildConfiguration section */

/* Begin XCConfigurationList section */
		EB86128A1F1CA166009FC83F /* Build configuration list for PBXProject "Crawler" */ = {
			isa = XCConfigurationList;
			buildConfigurations = (
				EB8612BA1F1CA166009FC83F /* Debug */,
				EB8612BB1F1CA166009FC83F /* Release */,
			);
			defaultConfigurationIsVisible = 0;
			defaultConfigurationName = Release;
		};
		EB8612BC1F1CA166009FC83F /* Build configuration list for PBXNativeTarget "Crawler" */ = {
			isa = XCConfigurationList;
			buildConfigurations = (
				EB8612BD1F1CA166009FC83F /* Debug */,
				EB8612BE1F1CA166009FC83F /* Release */,
			);
			defaultConfigurationIsVisible = 0;
		};
		EB8612BF1F1CA166009FC83F /* Build configuration list for PBXNativeTarget "CrawlerTests" */ = {
			isa = XCConfigurationList;
			buildConfigurations = (
				EB8612C01F1CA166009FC83F /* Debug */,
				EB8612C11F1CA166009FC83F /* Release */,
			);
			defaultConfigurationIsVisible = 0;
		};
		EB8612C21F1CA166009FC83F /* Build configuration list for PBXNativeTarget "CrawlerUITests" */ = {
			isa = XCConfigurationList;
			buildConfigurations = (
				EB8612C31F1CA166009FC83F /* Debug */,
				EB8612C41F1CA166009FC83F /* Release */,
			);
			defaultConfigurationIsVisible = 0;
		};
/* End XCConfigurationList section */
	};
	rootObject = EB8612871F1CA166009FC83F /* Project object */;
}
